
Microsoft Visual Studio Solution File, Format Version 12.00
# Visual Studio Version 17
VisualStudioVersion = 17.13.35931.197 d17.13
MinimumVisualStudioVersion = 10.0.40219.1
Project("{FAE04EC0-301F-11D3-BF4B-00C04F79EFBC}") = "KutuphaneOtomasyonu", "KutuphaneOtomasyonu.csproj", "{CC10F069-A50E-4154-9162-0F7A5BFEB786}"
EndProject
Global
	GlobalSection(SolutionConfigurationPlatforms) = preSolution
		Debug|Any CPU = Debug|Any CPU
		Release|Any CPU = Release|Any CPU
	EndGlobalSection
	GlobalSection(ProjectConfigurationPlatforms) = postSolution
		{CC10F069-A50E-4154-9162-0F7A5BFEB786}.Debug|Any CPU.ActiveCfg = Debug|Any CPU
		{CC10F069-A50E-4154-9162-0F7A5BFEB786}.Debug|Any CPU.Build.0 = Debug|Any CPU
		{CC10F069-A50E-4154-9162-0F7A5BFEB786}.Release|Any CPU.ActiveCfg = Release|Any CPU
		{CC10F069-A50E-4154-9162-0F7A5BFEB786}.Release|Any CPU.Build.0 = Release|Any CPU
	EndGlobalSection
	GlobalSection(SolutionProperties) = preSolution
		HideSolutionNode = FALSE
	EndGlobalSection
	GlobalSection(ExtensibilityGlobals) = postSolution
		SolutionGuid = {A26B7F7F-03B0-46AA-B8A3-9FABF33FB73C}
	EndGlobalSection
EndGlobal
